// !$*UTF8*$!
{
	archiveVersion = 1;
	classes = {
	};
	objectVersion = 46;
	objects = {

/* Begin PBXBuildFile section */
		5E155DD11D8B27D1007AA40B /* AppDelegate.swift in Sources */ = {isa = PBXBuildFile; fileRef = 5E155DD01D8B27D1007AA40B /* AppDelegate.swift */; };
		5E155DD31D8B27D1007AA40B /* ViewController.swift in Sources */ = {isa = PBXBuildFile; fileRef = 5E155DD21D8B27D1007AA40B /* ViewController.swift */; };
		5E155DD61D8B27D1007AA40B /* Main.storyboard in Resources */ = {isa = PBXBuildFile; fileRef = 5E155DD41D8B27D1007AA40B /* Main.storyboard */; };
		5E155DD81D8B27D1007AA40B /* Assets.xcassets in Resources */ = {isa = PBXBuildFile; fileRef = 5E155DD71D8B27D1007AA40B /* Assets.xcassets */; };
		5E155DDB1D8B27D1007AA40B /* LaunchScreen.storyboard in Resources */ = {isa = PBXBuildFile; fileRef = 5E155DD91D8B27D1007AA40B /* LaunchScreen.storyboard */; };
		5E155DE61D8B27D1007AA40B /* CalculatorTests.swift in Sources */ = {isa = PBXBuildFile; fileRef = 5E155DE51D8B27D1007AA40B /* CalculatorTests.swift */; };
		5E155DF11D8B27D1007AA40B /* CalculatorUITests.swift in Sources */ = {isa = PBXBuildFile; fileRef = 5E155DF01D8B27D1007AA40B /* CalculatorUITests.swift */; };
/* End PBXBuildFile section */

/* Begin PBXContainerItemProxy section */
		5E155DE21D8B27D1007AA40B /* PBXContainerItemProxy */ = {
			isa = PBXContainerItemProxy;
			containerPortal = 5E155DC51D8B27D1007AA40B /* Project object */;
			proxyType = 1;
			remoteGlobalIDString = 5E155DCC1D8B27D1007AA40B;
			remoteInfo = Calculator;
		};
		5E155DED1D8B27D1007AA40B /* PBXContainerItemProxy */ = {
			isa = PBXContainerItemProxy;
			containerPortal = 5E155DC51D8B27D1007AA40B /* Project object */;
			proxyType = 1;
			remoteGlobalIDString = 5E155DCC1D8B27D1007AA40B;
			remoteInfo = Calculator;
		};
/* End PBXContainerItemProxy section */

/* Begin PBXFileReference section */
		5E155DCD1D8B27D1007AA40B /* Calculator.app */ = {isa = PBXFileReference; explicitFileType = wrapper.application; includeInIndex = 0; path = Calculator.app; sourceTree = BUILT_PRODUCTS_DIR; };
		5E155DD01D8B27D1007AA40B /* AppDelegate.swift */ = {isa = PBXFileReference; lastKnownFileType = sourcecode.swift; path = AppDelegate.swift; sourceTree = "<group>"; };
		5E155DD21D8B27D1007AA40B /* ViewController.swift */ = {isa = PBXFileReference; lastKnownFileType = sourcecode.swift; path = ViewController.swift; sourceTree = "<group>"; };
		5E155DD51D8B27D1007AA40B /* Base */ = {isa = PBXFileReference; lastKnownFileType = file.storyboard; name = Base; path = Base.lproj/Main.storyboard; sourceTree = "<group>"; };
		5E155DD71D8B27D1007AA40B /* Assets.xcassets */ = {isa = PBXFileReference; lastKnownFileType = folder.assetcatalog; path = Assets.xcassets; sourceTree = "<group>"; };
		5E155DDA1D8B27D1007AA40B /* Base */ = {isa = PBXFileReference; lastKnownFileType = file.storyboard; name = Base; path = Base.lproj/LaunchScreen.storyboard; sourceTree = "<group>"; };
		5E155DDC1D8B27D1007AA40B /* Info.plist */ = {isa = PBXFileReference; lastKnownFileType = text.plist.xml; path = Info.plist; sourceTree = "<group>"; };
		5E155DE11D8B27D1007AA40B /* CalculatorTests.xctest */ = {isa = PBXFileReference; explicitFileType = wrapper.cfbundle; includeInIndex = 0; path = CalculatorTests.xctest; sourceTree = BUILT_PRODUCTS_DIR; };
		5E155DE51D8B27D1007AA40B /* CalculatorTests.swift */ = {isa = PBXFileReference; lastKnownFileType = sourcecode.swift; path = CalculatorTests.swift; sourceTree = "<group>"; };
		5E155DE71D8B27D1007AA40B /* Info.plist */ = {isa = PBXFileReference; lastKnownFileType = text.plist.xml; path = Info.plist; sourceTree = "<group>"; };
		5E155DEC1D8B27D1007AA40B /* CalculatorUITests.xctest */ = {isa = PBXFileReference; explicitFileType = wrapper.cfbundle; includeInIndex = 0; path = CalculatorUITests.xctest; sourceTree = BUILT_PRODUCTS_DIR; };
		5E155DF01D8B27D1007AA40B /* CalculatorUITests.swift */ = {isa = PBXFileReference; lastKnownFileType = sourcecode.swift; path = CalculatorUITests.swift; sourceTree = "<group>"; };
		5E155DF21D8B27D1007AA40B /* Info.plist */ = {isa = PBXFileReference; lastKnownFileType = text.plist.xml; path = Info.plist; sourceTree = "<group>"; };
/* End PBXFileReference section */

/* Begin PBXFrameworksBuildPhase section */
		5E155DCA1D8B27D1007AA40B /* Frameworks */ = {
			isa = PBXFrameworksBuildPhase;
			buildActionMask = 2147483647;
			files = (
			);
			runOnlyForDeploymentPostprocessing = 0;
		};
		5E155DDE1D8B27D1007AA40B /* Frameworks */ = {
			isa = PBXFrameworksBuildPhase;
			buildActionMask = 2147483647;
			files = (
			);
			runOnlyForDeploymentPostprocessing = 0;
		};
		5E155DE91D8B27D1007AA40B /* Frameworks */ = {
			isa = PBXFrameworksBuildPhase;
			buildActionMask = 2147483647;
			files = (
			);
			runOnlyForDeploymentPostprocessing = 0;
		};
/* End PBXFrameworksBuildPhase section */

/* Begin PBXGroup section */
		5E155DC41D8B27D1007AA40B = {
			isa = PBXGroup;
			children = (
				5E155DCF1D8B27D1007AA40B /* Calculator */,
				5E155DE41D8B27D1007AA40B /* CalculatorTests */,
				5E155DEF1D8B27D1007AA40B /* CalculatorUITests */,
				5E155DCE1D8B27D1007AA40B /* Products */,
			);
			sourceTree = "<group>";
		};
		5E155DCE1D8B27D1007AA40B /* Products */ = {
			isa = PBXGroup;
			children = (
				5E155DCD1D8B27D1007AA40B /* Calculator.app */,
				5E155DE11D8B27D1007AA40B /* CalculatorTests.xctest */,
				5E155DEC1D8B27D1007AA40B /* CalculatorUITests.xctest */,
			);
			name = Products;
			sourceTree = "<group>";
		};
		5E155DCF1D8B27D1007AA40B /* Calculator */ = {
			isa = PBXGroup;
			children = (
				5E155DD01D8B27D1007AA40B /* AppDelegate.swift */,
				5E155DD21D8B27D1007AA40B /* ViewController.swift */,
				5E155DD41D8B27D1007AA40B /* Main.storyboard */,
				5E155DD71D8B27D1007AA40B /* Assets.xcassets */,
				5E155DD91D8B27D1007AA40B /* LaunchScreen.storyboard */,
				5E155DDC1D8B27D1007AA40B /* Info.plist */,
			);
			path = Calculator;
			sourceTree = "<group>";
		};
		5E155DE41D8B27D1007AA40B /* CalculatorTests */ = {
			isa = PBXGroup;
			children = (
				5E155DE51D8B27D1007AA40B /* CalculatorTests.swift */,
				5E155DE71D8B27D1007AA40B /* Info.plist */,
			);
			path = CalculatorTests;
			sourceTree = "<group>";
		};
		5E155DEF1D8B27D1007AA40B /* CalculatorUITests */ = {
			isa = PBXGroup;
			children = (
				5E155DF01D8B27D1007AA40B /* CalculatorUITests.swift */,
				5E155DF21D8B27D1007AA40B /* Info.plist */,
			);
			path = CalculatorUITests;
			sourceTree = "<group>";
		};
/* End PBXGroup section */

/* Begin PBXNativeTarget section */
		5E155DCC1D8B27D1007AA40B /* Calculator */ = {
			isa = PBXNativeTarget;
			buildConfigurationList = 5E155DF51D8B27D1007AA40B /* Build configuration list for PBXNativeTarget "Calculator" */;
			buildPhases = (
				5E155DC91D8B27D1007AA40B /* Sources */,
				5E155DCA1D8B27D1007AA40B /* Frameworks */,
				5E155DCB1D8B27D1007AA40B /* Resources */,
			);
			buildRules = (
			);
			dependencies = (
			);
			name = Calculator;
			productName = Calculator;
			productReference = 5E155DCD1D8B27D1007AA40B /* Calculator.app */;
			productType = "com.apple.product-type.application";
		};
		5E155DE01D8B27D1007AA40B /* CalculatorTests */ = {
			isa = PBXNativeTarget;
			buildConfigurationList = 5E155DF81D8B27D1007AA40B /* Build configuration list for PBXNativeTarget "CalculatorTests" */;
			buildPhases = (
				5E155DDD1D8B27D1007AA40B /* Sources */,
				5E155DDE1D8B27D1007AA40B /* Frameworks */,
				5E155DDF1D8B27D1007AA40B /* Resources */,
			);
			buildRules = (
			);
			dependencies = (
				5E155DE31D8B27D1007AA40B /* PBXTargetDependency */,
			);
			name = CalculatorTests;
			productName = CalculatorTests;
			productReference = 5E155DE11D8B27D1007AA40B /* CalculatorTests.xctest */;
			productType = "com.apple.product-type.bundle.unit-test";
		};
		5E155DEB1D8B27D1007AA40B /* CalculatorUITests */ = {
			isa = PBXNativeTarget;
			buildConfigurationList = 5E155DFB1D8B27D1007AA40B /* Build configuration list for PBXNativeTarget "CalculatorUITests" */;
			buildPhases = (
				5E155DE81D8B27D1007AA40B /* Sources */,
				5E155DE91D8B27D1007AA40B /* Frameworks */,
				5E155DEA1D8B27D1007AA40B /* Resources */,
			);
			buildRules = (
			);
			dependencies = (
				5E155DEE1D8B27D1007AA40B /* PBXTargetDependency */,
			);
			name = CalculatorUITests;
			productName = CalculatorUITests;
			productReference = 5E155DEC1D8B27D1007AA40B /* CalculatorUITests.xctest */;
			productType = "com.apple.product-type.bundle.ui-testing";
		};
/* End PBXNativeTarget section */

/* Begin PBXProject section */
		5E155DC51D8B27D1007AA40B /* Project object */ = {
			isa = PBXProject;
			attributes = {
				LastSwiftUpdateCheck = 0730;
				LastUpgradeCheck = 0730;
				ORGANIZATIONNAME = "Brandon Martinez";
				TargetAttributes = {
					5E155DCC1D8B27D1007AA40B = {
						CreatedOnToolsVersion = 7.3.1;
					};
					5E155DE01D8B27D1007AA40B = {
						CreatedOnToolsVersion = 7.3.1;
						TestTargetID = 5E155DCC1D8B27D1007AA40B;
					};
					5E155DEB1D8B27D1007AA40B = {
						CreatedOnToolsVersion = 7.3.1;
						TestTargetID = 5E155DCC1D8B27D1007AA40B;
					};
				};
			};
			buildConfigurationList = 5E155DC81D8B27D1007AA40B /* Build configuration list for PBXProject "Calculator" */;
			compatibilityVersion = "Xcode 3.2";
			developmentRegion = English;
			hasScannedForEncodings = 0;
			knownRegions = (
				en,
				Base,
			);
			mainGroup = 5E155DC41D8B27D1007AA40B;
			productRefGroup = 5E155DCE1D8B27D1007AA40B /* Products */;
			projectDirPath = "";
			projectRoot = "";
			targets = (
				5E155DCC1D8B27D1007AA40B /* Calculator */,
				5E155DE01D8B27D1007AA40B /* CalculatorTests */,
				5E155DEB1D8B27D1007AA40B /* CalculatorUITests */,
			);
		};
/* End PBXProject section */

/* Begin PBXResourcesBuildPhase section */
		5E155DCB1D8B27D1007AA40B /* Resources */ = {
			isa = PBXResourcesBuildPhase;
			buildActionMask = 2147483647;
			files = (
				5E155DDB1D8B27D1007AA40B /* LaunchScreen.storyboard in Resources */,
				5E155DD81D8B27D1007AA40B /* Assets.xcassets in Resources */,
				5E155DD61D8B27D1007AA40B /* Main.storyboard in Resources */,
			);
			runOnlyForDeploymentPostprocessing = 0;
		};
		5E155DDF1D8B27D1007AA40B /* Resources */ = {
			isa = PBXResourcesBuildPhase;
			buildActionMask = 2147483647;
			files = (
			);
			runOnlyForDeploymentPostprocessing = 0;
		};
		5E155DEA1D8B27D1007AA40B /* Resources */ = {
			isa = PBXResourcesBuildPhase;
			buildActionMask = 2147483647;
			files = (
			);
			runOnlyForDeploymentPostprocessing = 0;
		};
/* End PBXResourcesBuildPhase section */

/* Begin PBXSourcesBuildPhase section */
		5E155DC91D8B27D1007AA40B /* Sources */ = {
			isa = PBXSourcesBuildPhase;
			buildActionMask = 2147483647;
			files = (
				5E155DD31D8B27D1007AA40B /* ViewController.swift in Sources */,
				5E155DD11D8B27D1007AA40B /* AppDelegate.swift in Sources */,
			);
			runOnlyForDeploymentPostprocessing = 0;
		};
		5E155DDD1D8B27D1007AA40B /* Sources */ = {
			isa = PBXSourcesBuildPhase;
			buildActionMask = 2147483647;
			files = (
				5E155DE61D8B27D1007AA40B /* CalculatorTests.swift in Sources */,
			);
			runOnlyForDeploymentPostprocessing = 0;
		};
		5E155DE81D8B27D1007AA40B /* Sources */ = {
			isa = PBXSourcesBuildPhase;
			buildActionMask = 2147483647;
			files = (
				5E155DF11D8B27D1007AA40B /* CalculatorUITests.swift in Sources */,
			);
			runOnlyForDeploymentPostprocessing = 0;
		};
/* End PBXSourcesBuildPhase section */

/* Begin PBXTargetDependency section */
		5E155DE31D8B27D1007AA40B /* PBXTargetDependency */ = {
			isa = PBXTargetDependency;
			target = 5E155DCC1D8B27D1007AA40B /* Calculator */;
			targetProxy = 5E155DE21D8B27D1007AA40B /* PBXContainerItemProxy */;
		};
		5E155DEE1D8B27D1007AA40B /* PBXTargetDependency */ = {
			isa = PBXTargetDependency;
			target = 5E155DCC1D8B27D1007AA40B /* Calculator */;
			targetProxy = 5E155DED1D8B27D1007AA40B /* PBXContainerItemProxy */;
		};
/* End PBXTargetDependency section */

/* Begin PBXVariantGroup section */
		5E155DD41D8B27D1007AA40B /* Main.storyboard */ = {
			isa = PBXVariantGroup;
			children = (
				5E155DD51D8B27D1007AA40B /* Base */,
			);
			name = Main.storyboard;
			sourceTree = "<group>";
		};
		5E155DD91D8B27D1007AA40B /* LaunchScreen.storyboard */ = {
			isa = PBXVariantGroup;
			children = (
				5E155DDA1D8B27D1007AA40B /* Base */,
			);
			name = LaunchScreen.storyboard;
			sourceTree = "<group>";
		};
/* End PBXVariantGroup section */

/* Begin XCBuildConfiguration section */
		5E155DF31D8B27D1007AA40B /* Debug */ = {
			isa = XCBuildConfiguration;
			buildSettings = {
				ALWAYS_SEARCH_USER_PATHS = NO;
				CLANG_ANALYZER_NONNULL = YES;
				CLANG_CXX_LANGUAGE_STANDARD = "gnu++0x";
				CLANG_CXX_LIBRARY = "libc++";
				CLANG_ENABLE_MODULES = YES;
				CLANG_ENABLE_OBJC_ARC = YES;
				CLANG_WARN_BOOL_CONVERSION = YES;
				CLANG_WARN_CONSTANT_CONVERSION = YES;
				CLANG_WARN_DIRECT_OBJC_ISA_USAGE = YES_ERROR;
				CLANG_WARN_EMPTY_BODY = YES;
				CLANG_WARN_ENUM_CONVERSION = YES;
				CLANG_WARN_INT_CONVERSION = YES;
				CLANG_WARN_OBJC_ROOT_CLASS = YES_ERROR;
				CLANG_WARN_UNREACHABLE_CODE = YES;
				CLANG_WARN__DUPLICATE_METHOD_MATCH = YES;
				"CODE_SIGN_IDENTITY[sdk=iphoneos*]" = "iPhone Developer";
				COPY_PHASE_STRIP = NO;
				DEBUG_INFORMATION_FORMAT = dwarf;
				ENABLE_STRICT_OBJC_MSGSEND = YES;
				ENABLE_TESTABILITY = YES;
				GCC_C_LANGUAGE_STANDARD = gnu99;
				GCC_DYNAMIC_NO_PIC = NO;
				GCC_NO_COMMON_BLOCKS = YES;
				GCC_OPTIMIZATION_LEVEL = 0;
				GCC_PREPROCESSOR_DEFINITIONS = (
					"DEBUG=1",
					"$(inherited)",
				);
				GCC_WARN_64_TO_32_BIT_CONVERSION = YES;
				GCC_WARN_ABOUT_RETURN_TYPE = YES_ERROR;
				GCC_WARN_UNDECLARED_SELECTOR = YES;
				GCC_WARN_UNINITIALIZED_AUTOS = YES_AGGRESSIVE;
				GCC_WARN_UNUSED_FUNCTION = YES;
				GCC_WARN_UNUSED_VARIABLE = YES;
				IPHONEOS_DEPLOYMENT_TARGET = 9.3;
				MTL_ENABLE_DEBUG_INFO = YES;
				ONLY_ACTIVE_ARCH = YES;
				SDKROOT = iphoneos;
				SWIFT_OPTIMIZATION_LEVEL = "-Onone";
				TARGETED_DEVICE_FAMILY = "1,2";
			};
			name = Debug;
		};
		5E155DF41D8B27D1007AA40B /* Release */ = {
			isa = XCBuildConfiguration;
			buildSettings = {
				ALWAYS_SEARCH_USER_PATHS = NO;
				CLANG_ANALYZER_NONNULL = YES;
				CLANG_CXX_LANGUAGE_STANDARD = "gnu++0x";
				CLANG_CXX_LIBRARY = "libc++";
				CLANG_ENABLE_MODULES = YES;
				CLANG_ENABLE_OBJC_ARC = YES;
				CLANG_WARN_BOOL_CONVERSION = YES;
				CLANG_WARN_CONSTANT_CONVERSION = YES;
				CLANG_WARN_DIRECT_OBJC_ISA_USAGE = YES_ERROR;
				CLANG_WARN_EMPTY_BODY = YES;
				CLANG_WARN_ENUM_CONVERSION = YES;
				CLANG_WARN_INT_CONVERSION = YES;
				CLANG_WARN_OBJC_ROOT_CLASS = YES_ERROR;
				CLANG_WARN_UNREACHABLE_CODE = YES;
				CLANG_WARN__DUPLICATE_METHOD_MATCH = YES;
				"CODE_SIGN_IDENTITY[sdk=iphoneos*]" = "iPhone Developer";
				COPY_PHASE_STRIP = NO;
				DEBUG_INFORMATION_FORMAT = "dwarf-with-dsym";
				ENABLE_NS_ASSERTIONS = NO;
				ENABLE_STRICT_OBJC_MSGSEND = YES;
				GCC_C_LANGUAGE_STANDARD = gnu99;
				GCC_NO_COMMON_BLOCKS = YES;
				GCC_WARN_64_TO_32_BIT_CONVERSION = YES;
				GCC_WARN_ABOUT_RETURN_TYPE = YES_ERROR;
				GCC_WARN_UNDECLARED_SELECTOR = YES;
				GCC_WARN_UNINITIALIZED_AUTOS = YES_AGGRESSIVE;
				GCC_WARN_UNUSED_FUNCTION = YES;
				GCC_WARN_UNUSED_VARIABLE = YES;
				IPHONEOS_DEPLOYMENT_TARGET = 9.3;
				MTL_ENABLE_DEBUG_INFO = NO;
				SDKROOT = iphoneos;
				TARGETED_DEVICE_FAMILY = "1,2";
				VALIDATE_PRODUCT = YES;
			};
			name = Release;
		};
		5E155DF61D8B27D1007AA40B /* Debug */ = {
			isa = XCBuildConfiguration;
			buildSettings = {
				ASSETCATALOG_COMPILER_APPICON_NAME = AppIcon;
				INFOPLIST_FILE = Calculator/Info.plist;
				LD_RUNPATH_SEARCH_PATHS = "$(inherited) @executable_path/Frameworks";
				PRODUCT_BUNDLE_IDENTIFIER = edu.csumb.cst495.brandonmartinez.Calculator;
				PRODUCT_NAME = "$(TARGET_NAME)";
			};
			name = Debug;
		};
		5E155DF71D8B27D1007AA40B /* Release */ = {
			isa = XCBuildConfiguration;
			buildSettings = {
				ASSETCATALOG_COMPILER_APPICON_NAME = AppIcon;
				INFOPLIST_FILE = Calculator/Info.plist;
				LD_RUNPATH_SEARCH_PATHS = "$(inherited) @executable_path/Frameworks";
				PRODUCT_BUNDLE_IDENTIFIER = edu.csumb.cst495.brandonmartinez.Calculator;
				PRODUCT_NAME = "$(TARGET_NAME)";
			};
			name = Release;
		};
		5E155DF91D8B27D1007AA40B /* Debug */ = {
			isa = XCBuildConfiguration;
			buildSettings = {
				BUNDLE_LOADER = "$(TEST_HOST)";
				INFOPLIST_FILE = CalculatorTests/Info.plist;
				LD_RUNPATH_SEARCH_PATHS = "$(inherited) @executable_path/Frameworks @loader_path/Frameworks";
				PRODUCT_BUNDLE_IDENTIFIER = edu.csumb.cst495.brandonmartinez.CalculatorTests;
				PRODUCT_NAME = "$(TARGET_NAME)";
				TEST_HOST = "$(BUILT_PRODUCTS_DIR)/Calculator.app/Calculator";
			};
			name = Debug;
		};
		5E155DFA1D8B27D1007AA40B /* Release */ = {
			isa = XCBuildConfiguration;
			buildSettings = {
				BUNDLE_LOADER = "$(TEST_HOST)";
				INFOPLIST_FILE = CalculatorTests/Info.plist;
				LD_RUNPATH_SEARCH_PATHS = "$(inherited) @executable_path/Frameworks @loader_path/Frameworks";
				PRODUCT_BUNDLE_IDENTIFIER = edu.csumb.cst495.brandonmartinez.CalculatorTests;
				PRODUCT_NAME = "$(TARGET_NAME)";
				TEST_HOST = "$(BUILT_PRODUCTS_DIR)/Calculator.app/Calculator";
			};
			name = Release;
		};
		5E155DFC1D8B27D1007AA40B /* Debug */ = {
			isa = XCBuildConfiguration;
			buildSettings = {
				INFOPLIST_FILE = CalculatorUITests/Info.plist;
				LD_RUNPATH_SEARCH_PATHS = "$(inherited) @executable_path/Frameworks @loader_path/Frameworks";
				PRODUCT_BUNDLE_IDENTIFIER = edu.csumb.cst495.brandonmartinez.CalculatorUITests;
				PRODUCT_NAME = "$(TARGET_NAME)";
				TEST_TARGET_NAME = Calculator;
			};
			name = Debug;
		};
		5E155DFD1D8B27D1007AA40B /* Release */ = {
			isa = XCBuildConfiguration;
			buildSettings = {
				INFOPLIST_FILE = CalculatorUITests/Info.plist;
				LD_RUNPATH_SEARCH_PATHS = "$(inherited) @executable_path/Frameworks @loader_path/Frameworks";
				PRODUCT_BUNDLE_IDENTIFIER = edu.csumb.cst495.brandonmartinez.CalculatorUITests;
				PRODUCT_NAME = "$(TARGET_NAME)";
				TEST_TARGET_NAME = Calculator;
			};
			name = Release;
		};
/* End XCBuildConfiguration section */

/* Begin XCConfigurationList section */
		5E155DC81D8B27D1007AA40B /* Build configuration list for PBXProject "Calculator" */ = {
			isa = XCConfigurationList;
			buildConfigurations = (
				5E155DF31D8B27D1007AA40B /* Debug */,
				5E155DF41D8B27D1007AA40B /* Release */,
			);
			defaultConfigurationIsVisible = 0;
			defaultConfigurationName = Release;
		};
		5E155DF51D8B27D1007AA40B /* Build configuration list for PBXNativeTarget "Calculator" */ = {
			isa = XCConfigurationList;
			buildConfigurations = (
				5E155DF61D8B27D1007AA40B /* Debug */,
				5E155DF71D8B27D1007AA40B /* Release */,
			);
			defaultConfigurationIsVisible = 0;
		};
		5E155DF81D8B27D1007AA40B /* Build configuration list for PBXNativeTarget "CalculatorTests" */ = {
			isa = XCConfigurationList;
			buildConfigurations = (
				5E155DF91D8B27D1007AA40B /* Debug */,
				5E155DFA1D8B27D1007AA40B /* Release */,
			);
			defaultConfigurationIsVisible = 0;
		};
		5E155DFB1D8B27D1007AA40B /* Build configuration list for PBXNativeTarget "CalculatorUITests" */ = {
			isa = XCConfigurationList;
			buildConfigurations = (
				5E155DFC1D8B27D1007AA40B /* Debug */,
				5E155DFD1D8B27D1007AA40B /* Release */,
			);
			defaultConfigurationIsVisible = 0;
		};
/* End XCConfigurationList section */
	};
	rootObject = 5E155DC51D8B27D1007AA40B /* Project object */;
}
